hash: 972af42bbe9f497c923c73909671d4368f17408ab678ce917cb5c11d29950c58
updated: 2017-03-17T11:20:27.070506424+01:00
imports:
- name: github.com/chzyer/readline
  version: 62c6fe6193755f722b8b8788aa7357be55a50ff1
- name: github.com/cockroachdb/apd
  version: c7ade124510c862bab38aa30f412aebe6c7c2abd
- name: github.com/pkg/errors
  version: ff09b135c25aae272398c51a07235b90a75aa4f0
testImports:
- name: github.com/davecgh/go-spew
  version: 6d212800a42e8ab5c146b8ace3490ee17e5225f9
  subpackages:
  - spew
- name: github.com/pmezard/go-difflib
  version: d8ed2627bdf02c080bf22230dbb337003b7aba2d
  subpackages:
  - difflib
- name: github.com/stretchr/testify
  version: 69483b4bd14f5845b5a1e55bca19e954e827f1d0
  subpackages:
  - assert
