# This file is autogenerated, do not edit; changes may be undone by the next 'dep ensure'.


[[projects]]
  branch = "master"
  name = "github.com/chzyer/readline"
  packages = ["."]
  revision = "6a4bc7b4feaeff8feb63f87d5fb2cf3e3610a559"

[[projects]]
  name = "github.com/cockroachdb/apd"
  packages = ["."]
  revision = "b1ce49cb2a474f4416531e7395373eaafaa4fbe2"
  version = "v1.0.0"

[[projects]]
  name = "github.com/davecgh/go-spew"
  packages = ["spew"]
  revision = "6d212800a42e8ab5c146b8ace3490ee17e5225f9"

[[projects]]
  name = "github.com/pkg/errors"
  packages = ["."]
  revision = "ff09b135c25aae272398c51a07235b90a75aa4f0"

[[projects]]
  name = "github.com/pmezard/go-difflib"
  packages = ["difflib"]
  revision = "d8ed2627bdf02c080bf22230dbb337003b7aba2d"

[[projects]]
  name = "github.com/stretchr/testify"
  packages = ["assert"]
  revision = "69483b4bd14f5845b5a1e55bca19e954e827f1d0"
  version = "v1.1.4"

[[projects]]
  name = "golang.org/x/sys"
  packages = ["unix"]
  revision = "9f30dcbe5be197894515a338a9bda9253567ea8f"

[solve-meta]
  analyzer-name = "dep"
  analyzer-version = 1
  inputs-digest = "515444af7f28933deebf4e6a365acdc9494fadd3c5af17d551db129553c3d311"
  solver-name = "gps-cdcl"
  solver-version = 1
